
Microsoft Visual Studio Solution File, Format Version 12.00
# Visual Studio 15
VisualStudioVersion = 15.0.27428.2043
MinimumVisualStudioVersion = 10.0.40219.1
Project("{FAE04EC0-301F-11D3-BF4B-00C04F79EFBC}") = "ECommerceApp.Android", "ECommerceApp\ECommerceApp.Android\ECommerceApp.Android.csproj", "{5E61D696-F7A3-41C2-B9A7-67AD9AFBE925}"
EndProject
Project("{FAE04EC0-301F-11D3-BF4B-00C04F79EFBC}") = "ECommerceApp.iOS", "ECommerceApp\ECommerceApp.iOS\ECommerceApp.iOS.csproj", "{36F4F38D-590E-4566-8C4C-8AF912D37A27}"
EndProject
Project("{D954291E-2A0B-460D-934E-DC6B0785DB48}") = "ECommerceApp", "ECommerceApp\ECommerceApp\ECommerceApp.shproj", "{54762399-EC6C-43BC-95F9-39279C53EE5C}"
EndProject
Global
	GlobalSection(SharedMSBuildProjectFiles) = preSolution
		ECommerceApp\ECommerceApp\ECommerceApp.projitems*{36f4f38d-590e-4566-8c4c-8af912d37a27}*SharedItemsImports = 4
		ECommerceApp\ECommerceApp\ECommerceApp.projitems*{54762399-ec6c-43bc-95f9-39279c53ee5c}*SharedItemsImports = 13
		ECommerceApp\ECommerceApp\ECommerceApp.projitems*{5e61d696-f7a3-41c2-b9a7-67ad9afbe925}*SharedItemsImports = 4
	EndGlobalSection
	GlobalSection(SolutionConfigurationPlatforms) = preSolution
		Ad-Hoc|Any CPU = Ad-Hoc|Any CPU
		Ad-Hoc|iPhone = Ad-Hoc|iPhone
		Ad-Hoc|iPhoneSimulator = Ad-Hoc|iPhoneSimulator
		AppStore|Any CPU = AppStore|Any CPU
		AppStore|iPhone = AppStore|iPhone
		AppStore|iPhoneSimulator = AppStore|iPhoneSimulator
		Debug|Any CPU = Debug|Any CPU
		Debug|iPhone = Debug|iPhone
		Debug|iPhoneSimulator = Debug|iPhoneSimulator
		Release|Any CPU = Release|Any CPU
		Release|iPhone = Release|iPhone
		Release|iPhoneSimulator = Release|iPhoneSimulator
	EndGlobalSection
	GlobalSection(ProjectConfigurationPlatforms) = postSolution
		{5E61D696-F7A3-41C2-B9A7-67AD9AFBE925}.Ad-Hoc|Any CPU.ActiveCfg = Release|Any CPU
		{5E61D696-F7A3-41C2-B9A7-67AD9AFBE925}.Ad-Hoc|Any CPU.Build.0 = Release|Any CPU
		{5E61D696-F7A3-41C2-B9A7-67AD9AFBE925}.Ad-Hoc|Any CPU.Deploy.0 = Release|Any CPU
		{5E61D696-F7A3-41C2-B9A7-67AD9AFBE925}.Ad-Hoc|iPhone.ActiveCfg = Release|Any CPU
		{5E61D696-F7A3-41C2-B9A7-67AD9AFBE925}.Ad-Hoc|iPhone.Build.0 = Release|Any CPU
		{5E61D696-F7A3-41C2-B9A7-67AD9AFBE925}.Ad-Hoc|iPhone.Deploy.0 = Release|Any CPU
		{5E61D696-F7A3-41C2-B9A7-67AD9AFBE925}.Ad-Hoc|iPhoneSimulator.ActiveCfg = Release|Any CPU
		{5E61D696-F7A3-41C2-B9A7-67AD9AFBE925}.Ad-Hoc|iPhoneSimulator.Build.0 = Release|Any CPU
		{5E61D696-F7A3-41C2-B9A7-67AD9AFBE925}.Ad-Hoc|iPhoneSimulator.Deploy.0 = Release|Any CPU
		{5E61D696-F7A3-41C2-B9A7-67AD9AFBE925}.AppStore|Any CPU.ActiveCfg = Release|Any CPU
		{5E61D696-F7A3-41C2-B9A7-67AD9AFBE925}.AppStore|Any CPU.Build.0 = Release|Any CPU
		{5E61D696-F7A3-41C2-B9A7-67AD9AFBE925}.AppStore|Any CPU.Deploy.0 = Release|Any CPU
		{5E61D696-F7A3-41C2-B9A7-67AD9AFBE925}.AppStore|iPhone.ActiveCfg = Release|Any CPU
		{5E61D696-F7A3-41C2-B9A7-67AD9AFBE925}.AppStore|iPhone.Build.0 = Release|Any CPU
		{5E61D696-F7A3-41C2-B9A7-67AD9AFBE925}.AppStore|iPhone.Deploy.0 = Release|Any CPU
		{5E61D696-F7A3-41C2-B9A7-67AD9AFBE925}.AppStore|iPhoneSimulator.ActiveCfg = Release|Any CPU
		{5E61D696-F7A3-41C2-B9A7-67AD9AFBE925}.AppStore|iPhoneSimulator.Build.0 = Release|Any CPU
		{5E61D696-F7A3-41C2-B9A7-67AD9AFBE925}.AppStore|iPhoneSimulator.Deploy.0 = Release|Any CPU
		{5E61D696-F7A3-41C2-B9A7-67AD9AFBE925}.Debug|Any CPU.ActiveCfg = Debug|Any CPU
		{5E61D696-F7A3-41C2-B9A7-67AD9AFBE925}.Debug|Any CPU.Build.0 = Debug|Any CPU
		{5E61D696-F7A3-41C2-B9A7-67AD9AFBE925}.Debug|Any CPU.Deploy.0 = Debug|Any CPU
		{5E61D696-F7A3-41C2-B9A7-67AD9AFBE925}.Debug|iPhone.ActiveCfg = Debug|Any CPU
		{5E61D696-F7A3-41C2-B9A7-67AD9AFBE925}.Debug|iPhone.Build.0 = Debug|Any CPU
		{5E61D696-F7A3-41C2-B9A7-67AD9AFBE925}.Debug|iPhone.Deploy.0 = Debug|Any CPU
		{5E61D696-F7A3-41C2-B9A7-67AD9AFBE925}.Debug|iPhoneSimulator.ActiveCfg = Debug|Any CPU
		{5E61D696-F7A3-41C2-B9A7-67AD9AFBE925}.Debug|iPhoneSimulator.Build.0 = Debug|Any CPU
		{5E61D696-F7A3-41C2-B9A7-67AD9AFBE925}.Debug|iPhoneSimulator.Deploy.0 = Debug|Any CPU
		{5E61D696-F7A3-41C2-B9A7-67AD9AFBE925}.Release|Any CPU.ActiveCfg = Release|Any CPU
		{5E61D696-F7A3-41C2-B9A7-67AD9AFBE925}.Release|Any CPU.Build.0 = Release|Any CPU
		{5E61D696-F7A3-41C2-B9A7-67AD9AFBE925}.Release|Any CPU.Deploy.0 = Release|Any CPU
		{5E61D696-F7A3-41C2-B9A7-67AD9AFBE925}.Release|iPhone.ActiveCfg = Release|Any CPU
		{5E61D696-F7A3-41C2-B9A7-67AD9AFBE925}.Release|iPhone.Build.0 = Release|Any CPU
		{5E61D696-F7A3-41C2-B9A7-67AD9AFBE925}.Release|iPhone.Deploy.0 = Release|Any CPU
		{5E61D696-F7A3-41C2-B9A7-67AD9AFBE925}.Release|iPhoneSimulator.ActiveCfg = Release|Any CPU
		{5E61D696-F7A3-41C2-B9A7-67AD9AFBE925}.Release|iPhoneSimulator.Build.0 = Release|Any CPU
		{5E61D696-F7A3-41C2-B9A7-67AD9AFBE925}.Release|iPhoneSimulator.Deploy.0 = Release|Any CPU
		{36F4F38D-590E-4566-8C4C-8AF912D37A27}.Ad-Hoc|Any CPU.ActiveCfg = Ad-Hoc|iPhone
		{36F4F38D-590E-4566-8C4C-8AF912D37A27}.Ad-Hoc|iPhone.ActiveCfg = Ad-Hoc|iPhone
		{36F4F38D-590E-4566-8C4C-8AF912D37A27}.Ad-Hoc|iPhone.Build.0 = Ad-Hoc|iPhone
		{36F4F38D-590E-4566-8C4C-8AF912D37A27}.Ad-Hoc|iPhoneSimulator.ActiveCfg = Ad-Hoc|iPhoneSimulator
		{36F4F38D-590E-4566-8C4C-8AF912D37A27}.Ad-Hoc|iPhoneSimulator.Build.0 = Ad-Hoc|iPhoneSimulator
		{36F4F38D-590E-4566-8C4C-8AF912D37A27}.AppStore|Any CPU.ActiveCfg = AppStore|iPhone
		{36F4F38D-590E-4566-8C4C-8AF912D37A27}.AppStore|iPhone.ActiveCfg = AppStore|iPhone
		{36F4F38D-590E-4566-8C4C-8AF912D37A27}.AppStore|iPhone.Build.0 = AppStore|iPhone
		{36F4F38D-590E-4566-8C4C-8AF912D37A27}.AppStore|iPhoneSimulator.ActiveCfg = AppStore|iPhoneSimulator
		{36F4F38D-590E-4566-8C4C-8AF912D37A27}.AppStore|iPhoneSimulator.Build.0 = AppStore|iPhoneSimulator
		{36F4F38D-590E-4566-8C4C-8AF912D37A27}.Debug|Any CPU.ActiveCfg = Debug|iPhone
		{36F4F38D-590E-4566-8C4C-8AF912D37A27}.Debug|iPhone.ActiveCfg = Debug|iPhone
		{36F4F38D-590E-4566-8C4C-8AF912D37A27}.Debug|iPhone.Build.0 = Debug|iPhone
		{36F4F38D-590E-4566-8C4C-8AF912D37A27}.Debug|iPhoneSimulator.ActiveCfg = Debug|iPhoneSimulator
		{36F4F38D-590E-4566-8C4C-8AF912D37A27}.Debug|iPhoneSimulator.Build.0 = Debug|iPhoneSimulator
		{36F4F38D-590E-4566-8C4C-8AF912D37A27}.Release|Any CPU.ActiveCfg = Release|iPhone
		{36F4F38D-590E-4566-8C4C-8AF912D37A27}.Release|iPhone.ActiveCfg = Release|iPhone
		{36F4F38D-590E-4566-8C4C-8AF912D37A27}.Release|iPhone.Build.0 = Release|iPhone
		{36F4F38D-590E-4566-8C4C-8AF912D37A27}.Release|iPhoneSimulator.ActiveCfg = Release|iPhoneSimulator
		{36F4F38D-590E-4566-8C4C-8AF912D37A27}.Release|iPhoneSimulator.Build.0 = Release|iPhoneSimulator
	EndGlobalSection
	GlobalSection(SolutionProperties) = preSolution
		HideSolutionNode = FALSE
	EndGlobalSection
	GlobalSection(ExtensibilityGlobals) = postSolution
		SolutionGuid = {9F0966AB-A62C-4CC6-8C28-DBB2853E6BB6}
	EndGlobalSection
EndGlobal
